// !$*UTF8*$!
{
	archiveVersion = 1;
	classes = {
	};
	objectVersion = 51;
	objects = {

/* Begin PBXBuildFile section */
		7B5CA5BF23963CEB00BF6DA4 /* HomeViewController.swift in Sources */ = {isa = PBXBuildFile; fileRef = 7B5CA5BE23963CEB00BF6DA4 /* HomeViewController.swift */; };
		7B71CB39239627AB00EDF520 /* AppDelegate.swift in Sources */ = {isa = PBXBuildFile; fileRef = 7B71CB38239627AB00EDF520 /* AppDelegate.swift */; };
		7B71CB3B239627AB00EDF520 /* SceneDelegate.swift in Sources */ = {isa = PBXBuildFile; fileRef = 7B71CB3A239627AB00EDF520 /* SceneDelegate.swift */; };
		7B71CB3D239627AB00EDF520 /* ViewController.swift in Sources */ = {isa = PBXBuildFile; fileRef = 7B71CB3C239627AB00EDF520 /* ViewController.swift */; };
		7B71CB40239627AB00EDF520 /* Main.storyboard in Resources */ = {isa = PBXBuildFile; fileRef = 7B71CB3E239627AB00EDF520 /* Main.storyboard */; };
		7B71CB42239627AC00EDF520 /* Assets.xcassets in Resources */ = {isa = PBXBuildFile; fileRef = 7B71CB41239627AC00EDF520 /* Assets.xcassets */; };
		7B71CB45239627AC00EDF520 /* LaunchScreen.storyboard in Resources */ = {isa = PBXBuildFile; fileRef = 7B71CB43239627AC00EDF520 /* LaunchScreen.storyboard */; };
		7B71CB4D23962A6F00EDF520 /* GoogleService-Info.plist in Resources */ = {isa = PBXBuildFile; fileRef = 7B71CB4C23962A6F00EDF520 /* GoogleService-Info.plist */; };
		EC8A83359FA29363923F7EA7 /* Pods_GoogleSignInProject.framework in Frameworks */ = {isa = PBXBuildFile; fileRef = 41CE4612CFBA0BAF820FC4E1 /* Pods_GoogleSignInProject.framework */; };
/* End PBXBuildFile section */

/* Begin PBXFileReference section */
		22940F82DCD844AA11F971E9 /* Pods-GoogleSignInProject.release.xcconfig */ = {isa = PBXFileReference; includeInIndex = 1; lastKnownFileType = text.xcconfig; name = "Pods-GoogleSignInProject.release.xcconfig"; path = "Target Support Files/Pods-GoogleSignInProject/Pods-GoogleSignInProject.release.xcconfig"; sourceTree = "<group>"; };
		41CE4612CFBA0BAF820FC4E1 /* Pods_GoogleSignInProject.framework */ = {isa = PBXFileReference; explicitFileType = wrapper.framework; includeInIndex = 0; path = Pods_GoogleSignInProject.framework; sourceTree = BUILT_PRODUCTS_DIR; };
		7B5CA5BE23963CEB00BF6DA4 /* HomeViewController.swift */ = {isa = PBXFileReference; lastKnownFileType = sourcecode.swift; path = HomeViewController.swift; sourceTree = "<group>"; };
		7B71CB35239627AB00EDF520 /* GoogleSignInProject.app */ = {isa = PBXFileReference; explicitFileType = wrapper.application; includeInIndex = 0; path = GoogleSignInProject.app; sourceTree = BUILT_PRODUCTS_DIR; };
		7B71CB38239627AB00EDF520 /* AppDelegate.swift */ = {isa = PBXFileReference; lastKnownFileType = sourcecode.swift; path = AppDelegate.swift; sourceTree = "<group>"; };
		7B71CB3A239627AB00EDF520 /* SceneDelegate.swift */ = {isa = PBXFileReference; lastKnownFileType = sourcecode.swift; path = SceneDelegate.swift; sourceTree = "<group>"; };
		7B71CB3C239627AB00EDF520 /* ViewController.swift */ = {isa = PBXFileReference; lastKnownFileType = sourcecode.swift; path = ViewController.swift; sourceTree = "<group>"; };
		7B71CB3F239627AB00EDF520 /* Base */ = {isa = PBXFileReference; lastKnownFileType = file.storyboard; name = Base; path = Base.lproj/Main.storyboard; sourceTree = "<group>"; };
		7B71CB41239627AC00EDF520 /* Assets.xcassets */ = {isa = PBXFileReference; lastKnownFileType = folder.assetcatalog; path = Assets.xcassets; sourceTree = "<group>"; };
		7B71CB44239627AC00EDF520 /* Base */ = {isa = PBXFileReference; lastKnownFileType = file.storyboard; name = Base; path = Base.lproj/LaunchScreen.storyboard; sourceTree = "<group>"; };
		7B71CB46239627AC00EDF520 /* Info.plist */ = {isa = PBXFileReference; lastKnownFileType = text.plist.xml; path = Info.plist; sourceTree = "<group>"; };
		7B71CB4C23962A6F00EDF520 /* GoogleService-Info.plist */ = {isa = PBXFileReference; fileEncoding = 4; lastKnownFileType = text.plist.xml; path = "GoogleService-Info.plist"; sourceTree = "<group>"; };
		A19701E42A505B127B815DA5 /* Pods-GoogleSignInProject.debug.xcconfig */ = {isa = PBXFileReference; includeInIndex = 1; lastKnownFileType = text.xcconfig; name = "Pods-GoogleSignInProject.debug.xcconfig"; path = "Target Support Files/Pods-GoogleSignInProject/Pods-GoogleSignInProject.debug.xcconfig"; sourceTree = "<group>"; };
/* End PBXFileReference section */

/* Begin PBXFrameworksBuildPhase section */
		7B71CB32239627AB00EDF520 /* Frameworks */ = {
			isa = PBXFrameworksBuildPhase;
			buildActionMask = 2147483647;
			files = (
				EC8A83359FA29363923F7EA7 /* Pods_GoogleSignInProject.framework in Frameworks */,
			);
			runOnlyForDeploymentPostprocessing = 0;
		};
/* End PBXFrameworksBuildPhase section */

/* Begin PBXGroup section */
		7B71CB2C239627AB00EDF520 = {
			isa = PBXGroup;
			children = (
				7B71CB37239627AB00EDF520 /* GoogleSignInProject */,
				7B71CB36239627AB00EDF520 /* Products */,
				AB9824584F1C7EC93336B50F /* Pods */,
				96F9C4C2A35F7ECDFCE60192 /* Frameworks */,
			);
			sourceTree = "<group>";
		};
		7B71CB36239627AB00EDF520 /* Products */ = {
			isa = PBXGroup;
			children = (
				7B71CB35239627AB00EDF520 /* GoogleSignInProject.app */,
			);
			name = Products;
			sourceTree = "<group>";
		};
		7B71CB37239627AB00EDF520 /* GoogleSignInProject */ = {
			isa = PBXGroup;
			children = (
				7B71CB38239627AB00EDF520 /* AppDelegate.swift */,
				7B71CB3A239627AB00EDF520 /* SceneDelegate.swift */,
				7B71CB3C239627AB00EDF520 /* ViewController.swift */,
				7B5CA5BE23963CEB00BF6DA4 /* HomeViewController.swift */,
				7B71CB3E239627AB00EDF520 /* Main.storyboard */,
				7B71CB41239627AC00EDF520 /* Assets.xcassets */,
				7B71CB43239627AC00EDF520 /* LaunchScreen.storyboard */,
				7B71CB46239627AC00EDF520 /* Info.plist */,
				7B71CB4C23962A6F00EDF520 /* GoogleService-Info.plist */,
			);
			path = GoogleSignInProject;
			sourceTree = "<group>";
		};
		96F9C4C2A35F7ECDFCE60192 /* Frameworks */ = {
			isa = PBXGroup;
			children = (
				41CE4612CFBA0BAF820FC4E1 /* Pods_GoogleSignInProject.framework */,
			);
			name = Frameworks;
			sourceTree = "<group>";
		};
		AB9824584F1C7EC93336B50F /* Pods */ = {
			isa = PBXGroup;
			children = (
				A19701E42A505B127B815DA5 /* Pods-GoogleSignInProject.debug.xcconfig */,
				22940F82DCD844AA11F971E9 /* Pods-GoogleSignInProject.release.xcconfig */,
			);
			path = Pods;
			sourceTree = "<group>";
		};
/* End PBXGroup section */

/* Begin PBXNativeTarget section */
		7B71CB34239627AB00EDF520 /* GoogleSignInProject */ = {
			isa = PBXNativeTarget;
			buildConfigurationList = 7B71CB49239627AC00EDF520 /* Build configuration list for PBXNativeTarget "GoogleSignInProject" */;
			buildPhases = (
				9A73B5D6F3DD9AF2CD8ED472 /* [CP] Check Pods Manifest.lock */,
				7B71CB31239627AB00EDF520 /* Sources */,
				7B71CB32239627AB00EDF520 /* Frameworks */,
				7B71CB33239627AB00EDF520 /* Resources */,
				ECB1E4296E4FCB8C0D40817B /* [CP] Embed Pods Frameworks */,
				830676EBBB53F5000F16955C /* [CP] Copy Pods Resources */,
			);
			buildRules = (
			);
			dependencies = (
			);
			name = GoogleSignInProject;
			productName = GoogleSignInProject;
			productReference = 7B71CB35239627AB00EDF520 /* GoogleSignInProject.app */;
			productType = "com.apple.product-type.application";
		};
/* End PBXNativeTarget section */

/* Begin PBXProject section */
		7B71CB2D239627AB00EDF520 /* Project object */ = {
			isa = PBXProject;
			attributes = {
				LastSwiftUpdateCheck = 1110;
				LastUpgradeCheck = 1110;
				ORGANIZATIONNAME = Mizuki;
				TargetAttributes = {
					7B71CB34239627AB00EDF520 = {
						CreatedOnToolsVersion = 11.1;
					};
				};
			};
			buildConfigurationList = 7B71CB30239627AB00EDF520 /* Build configuration list for PBXProject "GoogleSignInProject" */;
			compatibilityVersion = "Xcode 9.3";
			developmentRegion = en;
			hasScannedForEncodings = 0;
			knownRegions = (
				en,
				Base,
			);
			mainGroup = 7B71CB2C239627AB00EDF520;
			productRefGroup = 7B71CB36239627AB00EDF520 /* Products */;
			projectDirPath = "";
			projectRoot = "";
			targets = (
				7B71CB34239627AB00EDF520 /* GoogleSignInProject */,
			);
		};
/* End PBXProject section */

/* Begin PBXResourcesBuildPhase section */
		7B71CB33239627AB00EDF520 /* Resources */ = {
			isa = PBXResourcesBuildPhase;
			buildActionMask = 2147483647;
			files = (
				7B71CB45239627AC00EDF520 /* LaunchScreen.storyboard in Resources */,
				7B71CB4D23962A6F00EDF520 /* GoogleService-Info.plist in Resources */,
				7B71CB42239627AC00EDF520 /* Assets.xcassets in Resources */,
				7B71CB40239627AB00EDF520 /* Main.storyboard in Resources */,
			);
			runOnlyForDeploymentPostprocessing = 0;
		};
/* End PBXResourcesBuildPhase section */

/* Begin PBXShellScriptBuildPhase section */
		830676EBBB53F5000F16955C /* [CP] Copy Pods Resources */ = {
			isa = PBXShellScriptBuildPhase;
			buildActionMask = 2147483647;
			files = (
			);
			inputFileListPaths = (
				"${PODS_ROOT}/Target Support Files/Pods-GoogleSignInProject/Pods-GoogleSignInProject-resources-${CONFIGURATION}-input-files.xcfilelist",
			);
			name = "[CP] Copy Pods Resources";
			outputFileListPaths = (
				"${PODS_ROOT}/Target Support Files/Pods-GoogleSignInProject/Pods-GoogleSignInProject-resources-${CONFIGURATION}-output-files.xcfilelist",
			);
			runOnlyForDeploymentPostprocessing = 0;
			shellPath = /bin/sh;
			shellScript = "\"${PODS_ROOT}/Target Support Files/Pods-GoogleSignInProject/Pods-GoogleSignInProject-resources.sh\"\n";
			showEnvVarsInLog = 0;
		};
		9A73B5D6F3DD9AF2CD8ED472 /* [CP] Check Pods Manifest.lock */ = {
			isa = PBXShellScriptBuildPhase;
			buildActionMask = 2147483647;
			files = (
			);
			inputFileListPaths = (
			);
			inputPaths = (
				"${PODS_PODFILE_DIR_PATH}/Podfile.lock",
				"${PODS_ROOT}/Manifest.lock",
			);
			name = "[CP] Check Pods Manifest.lock";
			outputFileListPaths = (
			);
			outputPaths = (
				"$(DERIVED_FILE_DIR)/Pods-GoogleSignInProject-checkManifestLockResult.txt",
			);
			runOnlyForDeploymentPostprocessing = 0;
			shellPath = /bin/sh;
			shellScript = "diff \"${PODS_PODFILE_DIR_PATH}/Podfile.lock\" \"${PODS_ROOT}/Manifest.lock\" > /dev/null\nif [ $? != 0 ] ; then\n    # print error to STDERR\n    echo \"error: The sandbox is not in sync with the Podfile.lock. Run 'pod install' or update your CocoaPods installation.\" >&2\n    exit 1\nfi\n# This output is used by Xcode 'outputs' to avoid re-running this script phase.\necho \"SUCCESS\" > \"${SCRIPT_OUTPUT_FILE_0}\"\n";
			showEnvVarsInLog = 0;
		};
		ECB1E4296E4FCB8C0D40817B /* [CP] Embed Pods Frameworks */ = {
			isa = PBXShellScriptBuildPhase;
			buildActionMask = 2147483647;
			files = (
			);
			inputFileListPaths = (
				"${PODS_ROOT}/Target Support Files/Pods-GoogleSignInProject/Pods-GoogleSignInProject-frameworks-${CONFIGURATION}-input-files.xcfilelist",
			);
			name = "[CP] Embed Pods Frameworks";
			outputFileListPaths = (
				"${PODS_ROOT}/Target Support Files/Pods-GoogleSignInProject/Pods-GoogleSignInProject-frameworks-${CONFIGURATION}-output-files.xcfilelist",
			);
			runOnlyForDeploymentPostprocessing = 0;
			shellPath = /bin/sh;
			shellScript = "\"${PODS_ROOT}/Target Support Files/Pods-GoogleSignInProject/Pods-GoogleSignInProject-frameworks.sh\"\n";
			showEnvVarsInLog = 0;
		};
/* End PBXShellScriptBuildPhase section */

/* Begin PBXSourcesBuildPhase section */
		7B71CB31239627AB00EDF520 /* Sources */ = {
			isa = PBXSourcesBuildPhase;
			buildActionMask = 2147483647;
			files = (
				7B71CB3D239627AB00EDF520 /* ViewController.swift in Sources */,
				7B71CB39239627AB00EDF520 /* AppDelegate.swift in Sources */,
				7B71CB3B239627AB00EDF520 /* SceneDelegate.swift in Sources */,
				7B5CA5BF23963CEB00BF6DA4 /* HomeViewController.swift in Sources */,
			);
			runOnlyForDeploymentPostprocessing = 0;
		};
/* End PBXSourcesBuildPhase section */

/* Begin PBXVariantGroup section */
		7B71CB3E239627AB00EDF520 /* Main.storyboard */ = {
			isa = PBXVariantGroup;
			children = (
				7B71CB3F239627AB00EDF520 /* Base */,
			);
			name = Main.storyboard;
			sourceTree = "<group>";
		};
		7B71CB43239627AC00EDF520 /* LaunchScreen.storyboard */ = {
			isa = PBXVariantGroup;
			children = (
				7B71CB44239627AC00EDF520 /* Base */,
			);
			name = LaunchScreen.storyboard;
			sourceTree = "<group>";
		};
/* End PBXVariantGroup section */

/* Begin XCBuildConfiguration section */
		7B71CB47239627AC00EDF520 /* Debug */ = {
			isa = XCBuildConfiguration;
			buildSettings = {
				ALWAYS_SEARCH_USER_PATHS = NO;
				CLANG_ANALYZER_NONNULL = YES;
				CLANG_ANALYZER_NUMBER_OBJECT_CONVERSION = YES_AGGRESSIVE;
				CLANG_CXX_LANGUAGE_STANDARD = "gnu++14";
				CLANG_CXX_LIBRARY = "libc++";
				CLANG_ENABLE_MODULES = YES;
				CLANG_ENABLE_OBJC_ARC = YES;
				CLANG_ENABLE_OBJC_WEAK = YES;
				CLANG_WARN_BLOCK_CAPTURE_AUTORELEASING = YES;
				CLANG_WARN_BOOL_CONVERSION = YES;
				CLANG_WARN_COMMA = YES;
				CLANG_WARN_CONSTANT_CONVERSION = YES;
				CLANG_WARN_DEPRECATED_OBJC_IMPLEMENTATIONS = YES;
				CLANG_WARN_DIRECT_OBJC_ISA_USAGE = YES_ERROR;
				CLANG_WARN_DOCUMENTATION_COMMENTS = YES;
				CLANG_WARN_EMPTY_BODY = YES;
				CLANG_WARN_ENUM_CONVERSION = YES;
				CLANG_WARN_INFINITE_RECURSION = YES;
				CLANG_WARN_INT_CONVERSION = YES;
				CLANG_WARN_NON_LITERAL_NULL_CONVERSION = YES;
				CLANG_WARN_OBJC_IMPLICIT_RETAIN_SELF = YES;
				CLANG_WARN_OBJC_LITERAL_CONVERSION = YES;
				CLANG_WARN_OBJC_ROOT_CLASS = YES_ERROR;
				CLANG_WARN_RANGE_LOOP_ANALYSIS = YES;
				CLANG_WARN_STRICT_PROTOTYPES = YES;
				CLANG_WARN_SUSPICIOUS_MOVE = YES;
				CLANG_WARN_UNGUARDED_AVAILABILITY = YES_AGGRESSIVE;
				CLANG_WARN_UNREACHABLE_CODE = YES;
				CLANG_WARN__DUPLICATE_METHOD_MATCH = YES;
				COPY_PHASE_STRIP = NO;
				DEBUG_INFORMATION_FORMAT = dwarf;
				ENABLE_STRICT_OBJC_MSGSEND = YES;
				ENABLE_TESTABILITY = YES;
				GCC_C_LANGUAGE_STANDARD = gnu11;
				GCC_DYNAMIC_NO_PIC = NO;
				GCC_NO_COMMON_BLOCKS = YES;
				GCC_OPTIMIZATION_LEVEL = 0;
				GCC_PREPROCESSOR_DEFINITIONS = (
					"DEBUG=1",
					"$(inherited)",
				);
				GCC_WARN_64_TO_32_BIT_CONVERSION = YES;
				GCC_WARN_ABOUT_RETURN_TYPE = YES_ERROR;
				GCC_WARN_UNDECLARED_SELECTOR = YES;
				GCC_WARN_UNINITIALIZED_AUTOS = YES_AGGRESSIVE;
				GCC_WARN_UNUSED_FUNCTION = YES;
				GCC_WARN_UNUSED_VARIABLE = YES;
				IPHONEOS_DEPLOYMENT_TARGET = 13.1;
				MTL_ENABLE_DEBUG_INFO = INCLUDE_SOURCE;
				MTL_FAST_MATH = YES;
				ONLY_ACTIVE_ARCH = YES;
				SDKROOT = iphoneos;
				SWIFT_ACTIVE_COMPILATION_CONDITIONS = DEBUG;
				SWIFT_OPTIMIZATION_LEVEL = "-Onone";
			};
			name = Debug;
		};
		7B71CB48239627AC00EDF520 /* Release */ = {
			isa = XCBuildConfiguration;
			buildSettings = {
				ALWAYS_SEARCH_USER_PATHS = NO;
				CLANG_ANALYZER_NONNULL = YES;
				CLANG_ANALYZER_NUMBER_OBJECT_CONVERSION = YES_AGGRESSIVE;
				CLANG_CXX_LANGUAGE_STANDARD = "gnu++14";
				CLANG_CXX_LIBRARY = "libc++";
				CLANG_ENABLE_MODULES = YES;
				CLANG_ENABLE_OBJC_ARC = YES;
				CLANG_ENABLE_OBJC_WEAK = YES;
				CLANG_WARN_BLOCK_CAPTURE_AUTORELEASING = YES;
				CLANG_WARN_BOOL_CONVERSION = YES;
				CLANG_WARN_COMMA = YES;
				CLANG_WARN_CONSTANT_CONVERSION = YES;
				CLANG_WARN_DEPRECATED_OBJC_IMPLEMENTATIONS = YES;
				CLANG_WARN_DIRECT_OBJC_ISA_USAGE = YES_ERROR;
				CLANG_WARN_DOCUMENTATION_COMMENTS = YES;
				CLANG_WARN_EMPTY_BODY = YES;
				CLANG_WARN_ENUM_CONVERSION = YES;
				CLANG_WARN_INFINITE_RECURSION = YES;
				CLANG_WARN_INT_CONVERSION = YES;
				CLANG_WARN_NON_LITERAL_NULL_CONVERSION = YES;
				CLANG_WARN_OBJC_IMPLICIT_RETAIN_SELF = YES;
				CLANG_WARN_OBJC_LITERAL_CONVERSION = YES;
				CLANG_WARN_OBJC_ROOT_CLASS = YES_ERROR;
				CLANG_WARN_RANGE_LOOP_ANALYSIS = YES;
				CLANG_WARN_STRICT_PROTOTYPES = YES;
				CLANG_WARN_SUSPICIOUS_MOVE = YES;
				CLANG_WARN_UNGUARDED_AVAILABILITY = YES_AGGRESSIVE;
				CLANG_WARN_UNREACHABLE_CODE = YES;
				CLANG_WARN__DUPLICATE_METHOD_MATCH = YES;
				COPY_PHASE_STRIP = NO;
				DEBUG_INFORMATION_FORMAT = "dwarf-with-dsym";
				ENABLE_NS_ASSERTIONS = NO;
				ENABLE_STRICT_OBJC_MSGSEND = YES;
				GCC_C_LANGUAGE_STANDARD = gnu11;
				GCC_NO_COMMON_BLOCKS = YES;
				GCC_WARN_64_TO_32_BIT_CONVERSION = YES;
				GCC_WARN_ABOUT_RETURN_TYPE = YES_ERROR;
				GCC_WARN_UNDECLARED_SELECTOR = YES;
				GCC_WARN_UNINITIALIZED_AUTOS = YES_AGGRESSIVE;
				GCC_WARN_UNUSED_FUNCTION = YES;
				GCC_WARN_UNUSED_VARIABLE = YES;
				IPHONEOS_DEPLOYMENT_TARGET = 13.1;
				MTL_ENABLE_DEBUG_INFO = NO;
				MTL_FAST_MATH = YES;
				SDKROOT = iphoneos;
				SWIFT_COMPILATION_MODE = wholemodule;
				SWIFT_OPTIMIZATION_LEVEL = "-O";
				VALIDATE_PRODUCT = YES;
			};
			name = Release;
		};
		7B71CB4A239627AC00EDF520 /* Debug */ = {
			isa = XCBuildConfiguration;
			baseConfigurationReference = A19701E42A505B127B815DA5 /* Pods-GoogleSignInProject.debug.xcconfig */;
			buildSettings = {
				ASSETCATALOG_COMPILER_APPICON_NAME = AppIcon;
				CODE_SIGN_STYLE = Automatic;
				INFOPLIST_FILE = GoogleSignInProject/Info.plist;
				LD_RUNPATH_SEARCH_PATHS = (
					"$(inherited)",
					"@executable_path/Frameworks",
				);
				PRODUCT_BUNDLE_IDENTIFIER = com.example.GoogleSignInProject;
				PRODUCT_NAME = "$(TARGET_NAME)";
				SWIFT_VERSION = 5.0;
				TARGETED_DEVICE_FAMILY = "1,2";
			};
			name = Debug;
		};
		7B71CB4B239627AC00EDF520 /* Release */ = {
			isa = XCBuildConfiguration;
			baseConfigurationReference = 22940F82DCD844AA11F971E9 /* Pods-GoogleSignInProject.release.xcconfig */;
			buildSettings = {
				ASSETCATALOG_COMPILER_APPICON_NAME = AppIcon;
				CODE_SIGN_STYLE = Automatic;
				INFOPLIST_FILE = GoogleSignInProject/Info.plist;
				LD_RUNPATH_SEARCH_PATHS = (
					"$(inherited)",
					"@executable_path/Frameworks",
				);
				PRODUCT_BUNDLE_IDENTIFIER = com.example.GoogleSignInProject;
				PRODUCT_NAME = "$(TARGET_NAME)";
				SWIFT_VERSION = 5.0;
				TARGETED_DEVICE_FAMILY = "1,2";
			};
			name = Release;
		};
/* End XCBuildConfiguration section */

/* Begin XCConfigurationList section */
		7B71CB30239627AB00EDF520 /* Build configuration list for PBXProject "GoogleSignInProject" */ = {
			isa = XCConfigurationList;
			buildConfigurations = (
				7B71CB47239627AC00EDF520 /* Debug */,
				7B71CB48239627AC00EDF520 /* Release */,
			);
			defaultConfigurationIsVisible = 0;
			defaultConfigurationName = Release;
		};
		7B71CB49239627AC00EDF520 /* Build configuration list for PBXNativeTarget "GoogleSignInProject" */ = {
			isa = XCConfigurationList;
			buildConfigurations = (
				7B71CB4A239627AC00EDF520 /* Debug */,
				7B71CB4B239627AC00EDF520 /* Release */,
			);
			defaultConfigurationIsVisible = 0;
			defaultConfigurationName = Release;
		};
/* End XCConfigurationList section */
	};
	rootObject = 7B71CB2D239627AB00EDF520 /* Project object */;
}
